// !$*UTF8*$!
{
	archiveVersion = 1;
	classes = {
	};
	objectVersion = 46;
	objects = {

/* Begin PBXBuildFile section */
		68EC559C1F01CE2800CE39BC /* AppDelegate.swift in Sources */ = {isa = PBXBuildFile; fileRef = 68EC559B1F01CE2800CE39BC /* AppDelegate.swift */; };
		68EC559E1F01CE2800CE39BC /* ViewController.swift in Sources */ = {isa = PBXBuildFile; fileRef = 68EC559D1F01CE2800CE39BC /* ViewController.swift */; };
		68EC55A11F01CE2800CE39BC /* Main.storyboard in Resources */ = {isa = PBXBuildFile; fileRef = 68EC559F1F01CE2800CE39BC /* Main.storyboard */; };
		68EC55A31F01CE2800CE39BC /* Assets.xcassets in Resources */ = {isa = PBXBuildFile; fileRef = 68EC55A21F01CE2800CE39BC /* Assets.xcassets */; };
		68EC55A61F01CE2800CE39BC /* LaunchScreen.storyboard in Resources */ = {isa = PBXBuildFile; fileRef = 68EC55A41F01CE2800CE39BC /* LaunchScreen.storyboard */; };
		68EC55B11F01CE2900CE39BC /* instagramTests.swift in Sources */ = {isa = PBXBuildFile; fileRef = 68EC55B01F01CE2900CE39BC /* instagramTests.swift */; };
		68EC55BC1F01CE2900CE39BC /* instagramUITests.swift in Sources */ = {isa = PBXBuildFile; fileRef = 68EC55BB1F01CE2900CE39BC /* instagramUITests.swift */; };
/* End PBXBuildFile section */

/* Begin PBXContainerItemProxy section */
		68EC55AD1F01CE2900CE39BC /* PBXContainerItemProxy */ = {
			isa = PBXContainerItemProxy;
			containerPortal = 68EC55901F01CE2800CE39BC /* Project object */;
			proxyType = 1;
			remoteGlobalIDString = 68EC55971F01CE2800CE39BC;
			remoteInfo = instagram;
		};
		68EC55B81F01CE2900CE39BC /* PBXContainerItemProxy */ = {
			isa = PBXContainerItemProxy;
			containerPortal = 68EC55901F01CE2800CE39BC /* Project object */;
			proxyType = 1;
			remoteGlobalIDString = 68EC55971F01CE2800CE39BC;
			remoteInfo = instagram;
		};
/* End PBXContainerItemProxy section */

/* Begin PBXFileReference section */
		68EC55981F01CE2800CE39BC /* instagram.app */ = {isa = PBXFileReference; explicitFileType = wrapper.application; includeInIndex = 0; path = instagram.app; sourceTree = BUILT_PRODUCTS_DIR; };
		68EC559B1F01CE2800CE39BC /* AppDelegate.swift */ = {isa = PBXFileReference; lastKnownFileType = sourcecode.swift; path = AppDelegate.swift; sourceTree = "<group>"; };
		68EC559D1F01CE2800CE39BC /* ViewController.swift */ = {isa = PBXFileReference; lastKnownFileType = sourcecode.swift; path = ViewController.swift; sourceTree = "<group>"; };
		68EC55A01F01CE2800CE39BC /* Base */ = {isa = PBXFileReference; lastKnownFileType = file.storyboard; name = Base; path = Base.lproj/Main.storyboard; sourceTree = "<group>"; };
		68EC55A21F01CE2800CE39BC /* Assets.xcassets */ = {isa = PBXFileReference; lastKnownFileType = folder.assetcatalog; path = Assets.xcassets; sourceTree = "<group>"; };
		68EC55A51F01CE2800CE39BC /* Base */ = {isa = PBXFileReference; lastKnownFileType = file.storyboard; name = Base; path = Base.lproj/LaunchScreen.storyboard; sourceTree = "<group>"; };
		68EC55A71F01CE2800CE39BC /* Info.plist */ = {isa = PBXFileReference; lastKnownFileType = text.plist.xml; path = Info.plist; sourceTree = "<group>"; };
		68EC55AC1F01CE2900CE39BC /* instagramTests.xctest */ = {isa = PBXFileReference; explicitFileType = wrapper.cfbundle; includeInIndex = 0; path = instagramTests.xctest; sourceTree = BUILT_PRODUCTS_DIR; };
		68EC55B01F01CE2900CE39BC /* instagramTests.swift */ = {isa = PBXFileReference; lastKnownFileType = sourcecode.swift; path = instagramTests.swift; sourceTree = "<group>"; };
		68EC55B21F01CE2900CE39BC /* Info.plist */ = {isa = PBXFileReference; lastKnownFileType = text.plist.xml; path = Info.plist; sourceTree = "<group>"; };
		68EC55B71F01CE2900CE39BC /* instagramUITests.xctest */ = {isa = PBXFileReference; explicitFileType = wrapper.cfbundle; includeInIndex = 0; path = instagramUITests.xctest; sourceTree = BUILT_PRODUCTS_DIR; };
		68EC55BB1F01CE2900CE39BC /* instagramUITests.swift */ = {isa = PBXFileReference; lastKnownFileType = sourcecode.swift; path = instagramUITests.swift; sourceTree = "<group>"; };
		68EC55BD1F01CE2900CE39BC /* Info.plist */ = {isa = PBXFileReference; lastKnownFileType = text.plist.xml; path = Info.plist; sourceTree = "<group>"; };
/* End PBXFileReference section */

/* Begin PBXFrameworksBuildPhase section */
		68EC55951F01CE2800CE39BC /* Frameworks */ = {
			isa = PBXFrameworksBuildPhase;
			buildActionMask = 2147483647;
			files = (
			);
			runOnlyForDeploymentPostprocessing = 0;
		};
		68EC55A91F01CE2900CE39BC /* Frameworks */ = {
			isa = PBXFrameworksBuildPhase;
			buildActionMask = 2147483647;
			files = (
			);
			runOnlyForDeploymentPostprocessing = 0;
		};
		68EC55B41F01CE2900CE39BC /* Frameworks */ = {
			isa = PBXFrameworksBuildPhase;
			buildActionMask = 2147483647;
			files = (
			);
			runOnlyForDeploymentPostprocessing = 0;
		};
/* End PBXFrameworksBuildPhase section */

/* Begin PBXGroup section */
		68EC558F1F01CE2800CE39BC = {
			isa = PBXGroup;
			children = (
				68EC559A1F01CE2800CE39BC /* instagram */,
				68EC55AF1F01CE2900CE39BC /* instagramTests */,
				68EC55BA1F01CE2900CE39BC /* instagramUITests */,
				68EC55991F01CE2800CE39BC /* Products */,
			);
			sourceTree = "<group>";
		};
		68EC55991F01CE2800CE39BC /* Products */ = {
			isa = PBXGroup;
			children = (
				68EC55981F01CE2800CE39BC /* instagram.app */,
				68EC55AC1F01CE2900CE39BC /* instagramTests.xctest */,
				68EC55B71F01CE2900CE39BC /* instagramUITests.xctest */,
			);
			name = Products;
			sourceTree = "<group>";
		};
		68EC559A1F01CE2800CE39BC /* instagram */ = {
			isa = PBXGroup;
			children = (
				68EC559B1F01CE2800CE39BC /* AppDelegate.swift */,
				68EC559D1F01CE2800CE39BC /* ViewController.swift */,
				68EC559F1F01CE2800CE39BC /* Main.storyboard */,
				68EC55A21F01CE2800CE39BC /* Assets.xcassets */,
				68EC55A41F01CE2800CE39BC /* LaunchScreen.storyboard */,
				68EC55A71F01CE2800CE39BC /* Info.plist */,
			);
			path = instagram;
			sourceTree = "<group>";
		};
		68EC55AF1F01CE2900CE39BC /* instagramTests */ = {
			isa = PBXGroup;
			children = (
				68EC55B01F01CE2900CE39BC /* instagramTests.swift */,
				68EC55B21F01CE2900CE39BC /* Info.plist */,
			);
			path = instagramTests;
			sourceTree = "<group>";
		};
		68EC55BA1F01CE2900CE39BC /* instagramUITests */ = {
			isa = PBXGroup;
			children = (
				68EC55BB1F01CE2900CE39BC /* instagramUITests.swift */,
				68EC55BD1F01CE2900CE39BC /* Info.plist */,
			);
			path = instagramUITests;
			sourceTree = "<group>";
		};
/* End PBXGroup section */

/* Begin PBXNativeTarget section */
		68EC55971F01CE2800CE39BC /* instagram */ = {
			isa = PBXNativeTarget;
			buildConfigurationList = 68EC55C01F01CE2900CE39BC /* Build configuration list for PBXNativeTarget "instagram" */;
			buildPhases = (
				68EC55941F01CE2800CE39BC /* Sources */,
				68EC55951F01CE2800CE39BC /* Frameworks */,
				68EC55961F01CE2800CE39BC /* Resources */,
			);
			buildRules = (
			);
			dependencies = (
			);
			name = instagram;
			productName = instagram;
			productReference = 68EC55981F01CE2800CE39BC /* instagram.app */;
			productType = "com.apple.product-type.application";
		};
		68EC55AB1F01CE2900CE39BC /* instagramTests */ = {
			isa = PBXNativeTarget;
			buildConfigurationList = 68EC55C31F01CE2900CE39BC /* Build configuration list for PBXNativeTarget "instagramTests" */;
			buildPhases = (
				68EC55A81F01CE2900CE39BC /* Sources */,
				68EC55A91F01CE2900CE39BC /* Frameworks */,
				68EC55AA1F01CE2900CE39BC /* Resources */,
			);
			buildRules = (
			);
			dependencies = (
				68EC55AE1F01CE2900CE39BC /* PBXTargetDependency */,
			);
			name = instagramTests;
			productName = instagramTests;
			productReference = 68EC55AC1F01CE2900CE39BC /* instagramTests.xctest */;
			productType = "com.apple.product-type.bundle.unit-test";
		};
		68EC55B61F01CE2900CE39BC /* instagramUITests */ = {
			isa = PBXNativeTarget;
			buildConfigurationList = 68EC55C61F01CE2900CE39BC /* Build configuration list for PBXNativeTarget "instagramUITests" */;
			buildPhases = (
				68EC55B31F01CE2900CE39BC /* Sources */,
				68EC55B41F01CE2900CE39BC /* Frameworks */,
				68EC55B51F01CE2900CE39BC /* Resources */,
			);
			buildRules = (
			);
			dependencies = (
				68EC55B91F01CE2900CE39BC /* PBXTargetDependency */,
			);
			name = instagramUITests;
			productName = instagramUITests;
			productReference = 68EC55B71F01CE2900CE39BC /* instagramUITests.xctest */;
			productType = "com.apple.product-type.bundle.ui-testing";
		};
/* End PBXNativeTarget section */

/* Begin PBXProject section */
		68EC55901F01CE2800CE39BC /* Project object */ = {
			isa = PBXProject;
			attributes = {
				LastSwiftUpdateCheck = 0830;
				LastUpgradeCheck = 0830;
				ORGANIZATIONNAME = "Jessica Yeh";
				TargetAttributes = {
					68EC55971F01CE2800CE39BC = {
						CreatedOnToolsVersion = 8.3.3;
						ProvisioningStyle = Automatic;
					};
					68EC55AB1F01CE2900CE39BC = {
						CreatedOnToolsVersion = 8.3.3;
						ProvisioningStyle = Automatic;
						TestTargetID = 68EC55971F01CE2800CE39BC;
					};
					68EC55B61F01CE2900CE39BC = {
						CreatedOnToolsVersion = 8.3.3;
						ProvisioningStyle = Automatic;
						TestTargetID = 68EC55971F01CE2800CE39BC;
					};
				};
			};
			buildConfigurationList = 68EC55931F01CE2800CE39BC /* Build configuration list for PBXProject "instagram" */;
			compatibilityVersion = "Xcode 3.2";
			developmentRegion = English;
			hasScannedForEncodings = 0;
			knownRegions = (
				en,
				Base,
			);
			mainGroup = 68EC558F1F01CE2800CE39BC;
			productRefGroup = 68EC55991F01CE2800CE39BC /* Products */;
			projectDirPath = "";
			projectRoot = "";
			targets = (
				68EC55971F01CE2800CE39BC /* instagram */,
				68EC55AB1F01CE2900CE39BC /* instagramTests */,
				68EC55B61F01CE2900CE39BC /* instagramUITests */,
			);
		};
/* End PBXProject section */

/* Begin PBXResourcesBuildPhase section */
		68EC55961F01CE2800CE39BC /* Resources */ = {
			isa = PBXResourcesBuildPhase;
			buildActionMask = 2147483647;
			files = (
				68EC55A61F01CE2800CE39BC /* LaunchScreen.storyboard in Resources */,
				68EC55A31F01CE2800CE39BC /* Assets.xcassets in Resources */,
				68EC55A11F01CE2800CE39BC /* Main.storyboard in Resources */,
			);
			runOnlyForDeploymentPostprocessing = 0;
		};
		68EC55AA1F01CE2900CE39BC /* Resources */ = {
			isa = PBXResourcesBuildPhase;
			buildActionMask = 2147483647;
			files = (
			);
			runOnlyForDeploymentPostprocessing = 0;
		};
		68EC55B51F01CE2900CE39BC /* Resources */ = {
			isa = PBXResourcesBuildPhase;
			buildActionMask = 2147483647;
			files = (
			);
			runOnlyForDeploymentPostprocessing = 0;
		};
/* End PBXResourcesBuildPhase section */

/* Begin PBXSourcesBuildPhase section */
		68EC55941F01CE2800CE39BC /* Sources */ = {
			isa = PBXSourcesBuildPhase;
			buildActionMask = 2147483647;
			files = (
				68EC559E1F01CE2800CE39BC /* ViewController.swift in Sources */,
				68EC559C1F01CE2800CE39BC /* AppDelegate.swift in Sources */,
			);
			runOnlyForDeploymentPostprocessing = 0;
		};
		68EC55A81F01CE2900CE39BC /* Sources */ = {
			isa = PBXSourcesBuildPhase;
			buildActionMask = 2147483647;
			files = (
				68EC55B11F01CE2900CE39BC /* instagramTests.swift in Sources */,
			);
			runOnlyForDeploymentPostprocessing = 0;
		};
		68EC55B31F01CE2900CE39BC /* Sources */ = {
			isa = PBXSourcesBuildPhase;
			buildActionMask = 2147483647;
			files = (
				68EC55BC1F01CE2900CE39BC /* instagramUITests.swift in Sources */,
			);
			runOnlyForDeploymentPostprocessing = 0;
		};
/* End PBXSourcesBuildPhase section */

/* Begin PBXTargetDependency section */
		68EC55AE1F01CE2900CE39BC /* PBXTargetDependency */ = {
			isa = PBXTargetDependency;
			target = 68EC55971F01CE2800CE39BC /* instagram */;
			targetProxy = 68EC55AD1F01CE2900CE39BC /* PBXContainerItemProxy */;
		};
		68EC55B91F01CE2900CE39BC /* PBXTargetDependency */ = {
			isa = PBXTargetDependency;
			target = 68EC55971F01CE2800CE39BC /* instagram */;
			targetProxy = 68EC55B81F01CE2900CE39BC /* PBXContainerItemProxy */;
		};
/* End PBXTargetDependency section */

/* Begin PBXVariantGroup section */
		68EC559F1F01CE2800CE39BC /* Main.storyboard */ = {
			isa = PBXVariantGroup;
			children = (
				68EC55A01F01CE2800CE39BC /* Base */,
			);
			name = Main.storyboard;
			sourceTree = "<group>";
		};
		68EC55A41F01CE2800CE39BC /* LaunchScreen.storyboard */ = {
			isa = PBXVariantGroup;
			children = (
				68EC55A51F01CE2800CE39BC /* Base */,
			);
			name = LaunchScreen.storyboard;
			sourceTree = "<group>";
		};
/* End PBXVariantGroup section */

/* Begin XCBuildConfiguration section */
		68EC55BE1F01CE2900CE39BC /* Debug */ = {
			isa = XCBuildConfiguration;
			buildSettings = {
				ALWAYS_SEARCH_USER_PATHS = NO;
				CLANG_ANALYZER_NONNULL = YES;
				CLANG_ANALYZER_NUMBER_OBJECT_CONVERSION = YES_AGGRESSIVE;
				CLANG_CXX_LANGUAGE_STANDARD = "gnu++0x";
				CLANG_CXX_LIBRARY = "libc++";
				CLANG_ENABLE_MODULES = YES;
				CLANG_ENABLE_OBJC_ARC = YES;
				CLANG_WARN_BOOL_CONVERSION = YES;
				CLANG_WARN_CONSTANT_CONVERSION = YES;
				CLANG_WARN_DIRECT_OBJC_ISA_USAGE = YES_ERROR;
				CLANG_WARN_DOCUMENTATION_COMMENTS = YES;
				CLANG_WARN_EMPTY_BODY = YES;
				CLANG_WARN_ENUM_CONVERSION = YES;
				CLANG_WARN_INFINITE_RECURSION = YES;
				CLANG_WARN_INT_CONVERSION = YES;
				CLANG_WARN_OBJC_ROOT_CLASS = YES_ERROR;
				CLANG_WARN_SUSPICIOUS_MOVE = YES;
				CLANG_WARN_UNREACHABLE_CODE = YES;
				CLANG_WARN__DUPLICATE_METHOD_MATCH = YES;
				"CODE_SIGN_IDENTITY[sdk=iphoneos*]" = "iPhone Developer";
				COPY_PHASE_STRIP = NO;
				DEBUG_INFORMATION_FORMAT = dwarf;
				ENABLE_STRICT_OBJC_MSGSEND = YES;
				ENABLE_TESTABILITY = YES;
				GCC_C_LANGUAGE_STANDARD = gnu99;
				GCC_DYNAMIC_NO_PIC = NO;
				GCC_NO_COMMON_BLOCKS = YES;
				GCC_OPTIMIZATION_LEVEL = 0;
				GCC_PREPROCESSOR_DEFINITIONS = (
					"DEBUG=1",
					"$(inherited)",
				);
				GCC_WARN_64_TO_32_BIT_CONVERSION = YES;
				GCC_WARN_ABOUT_RETURN_TYPE = YES_ERROR;
				GCC_WARN_UNDECLARED_SELECTOR = YES;
				GCC_WARN_UNINITIALIZED_AUTOS = YES_AGGRESSIVE;
				GCC_WARN_UNUSED_FUNCTION = YES;
				GCC_WARN_UNUSED_VARIABLE = YES;
				IPHONEOS_DEPLOYMENT_TARGET = 10.3;
				MTL_ENABLE_DEBUG_INFO = YES;
				ONLY_ACTIVE_ARCH = YES;
				SDKROOT = iphoneos;
				SWIFT_ACTIVE_COMPILATION_CONDITIONS = DEBUG;
				SWIFT_OPTIMIZATION_LEVEL = "-Onone";
			};
			name = Debug;
		};
		68EC55BF1F01CE2900CE39BC /* Release */ = {
			isa = XCBuildConfiguration;
			buildSettings = {
				ALWAYS_SEARCH_USER_PATHS = NO;
				CLANG_ANALYZER_NONNULL = YES;
				CLANG_ANALYZER_NUMBER_OBJECT_CONVERSION = YES_AGGRESSIVE;
				CLANG_CXX_LANGUAGE_STANDARD = "gnu++0x";
				CLANG_CXX_LIBRARY = "libc++";
				CLANG_ENABLE_MODULES = YES;
				CLANG_ENABLE_OBJC_ARC = YES;
				CLANG_WARN_BOOL_CONVERSION = YES;
				CLANG_WARN_CONSTANT_CONVERSION = YES;
				CLANG_WARN_DIRECT_OBJC_ISA_USAGE = YES_ERROR;
				CLANG_WARN_DOCUMENTATION_COMMENTS = YES;
				CLANG_WARN_EMPTY_BODY = YES;
				CLANG_WARN_ENUM_CONVERSION = YES;
				CLANG_WARN_INFINITE_RECURSION = YES;
				CLANG_WARN_INT_CONVERSION = YES;
				CLANG_WARN_OBJC_ROOT_CLASS = YES_ERROR;
				CLANG_WARN_SUSPICIOUS_MOVE = YES;
				CLANG_WARN_UNREACHABLE_CODE = YES;
				CLANG_WARN__DUPLICATE_METHOD_MATCH = YES;
				"CODE_SIGN_IDENTITY[sdk=iphoneos*]" = "iPhone Developer";
				COPY_PHASE_STRIP = NO;
				DEBUG_INFORMATION_FORMAT = "dwarf-with-dsym";
				ENABLE_NS_ASSERTIONS = NO;
				ENABLE_STRICT_OBJC_MSGSEND = YES;
				GCC_C_LANGUAGE_STANDARD = gnu99;
				GCC_NO_COMMON_BLOCKS = YES;
				GCC_WARN_64_TO_32_BIT_CONVERSION = YES;
				GCC_WARN_ABOUT_RETURN_TYPE = YES_ERROR;
				GCC_WARN_UNDECLARED_SELECTOR = YES;
				GCC_WARN_UNINITIALIZED_AUTOS = YES_AGGRESSIVE;
				GCC_WARN_UNUSED_FUNCTION = YES;
				GCC_WARN_UNUSED_VARIABLE = YES;
				IPHONEOS_DEPLOYMENT_TARGET = 10.3;
				MTL_ENABLE_DEBUG_INFO = NO;
				SDKROOT = iphoneos;
				SWIFT_OPTIMIZATION_LEVEL = "-Owholemodule";
				VALIDATE_PRODUCT = YES;
			};
			name = Release;
		};
		68EC55C11F01CE2900CE39BC /* Debug */ = {
			isa = XCBuildConfiguration;
			buildSettings = {
				ASSETCATALOG_COMPILER_APPICON_NAME = AppIcon;
				INFOPLIST_FILE = instagram/Info.plist;
				LD_RUNPATH_SEARCH_PATHS = "$(inherited) @executable_path/Frameworks";
				PRODUCT_BUNDLE_IDENTIFIER = com.jessica.instagram;
				PRODUCT_NAME = "$(TARGET_NAME)";
				SWIFT_VERSION = 3.0;
			};
			name = Debug;
		};
		68EC55C21F01CE2900CE39BC /* Release */ = {
			isa = XCBuildConfiguration;
			buildSettings = {
				ASSETCATALOG_COMPILER_APPICON_NAME = AppIcon;
				INFOPLIST_FILE = instagram/Info.plist;
				LD_RUNPATH_SEARCH_PATHS = "$(inherited) @executable_path/Frameworks";
				PRODUCT_BUNDLE_IDENTIFIER = com.jessica.instagram;
				PRODUCT_NAME = "$(TARGET_NAME)";
				SWIFT_VERSION = 3.0;
			};
			name = Release;
		};
		68EC55C41F01CE2900CE39BC /* Debug */ = {
			isa = XCBuildConfiguration;
			buildSettings = {
				ALWAYS_EMBED_SWIFT_STANDARD_LIBRARIES = YES;
				BUNDLE_LOADER = "$(TEST_HOST)";
				INFOPLIST_FILE = instagramTests/Info.plist;
				LD_RUNPATH_SEARCH_PATHS = "$(inherited) @executable_path/Frameworks @loader_path/Frameworks";
				PRODUCT_BUNDLE_IDENTIFIER = com.jessica.instagramTests;
				PRODUCT_NAME = "$(TARGET_NAME)";
				SWIFT_VERSION = 3.0;
				TEST_HOST = "$(BUILT_PRODUCTS_DIR)/instagram.app/instagram";
			};
			name = Debug;
		};
		68EC55C51F01CE2900CE39BC /* Release */ = {
			isa = XCBuildConfiguration;
			buildSettings = {
				ALWAYS_EMBED_SWIFT_STANDARD_LIBRARIES = YES;
				BUNDLE_LOADER = "$(TEST_HOST)";
				INFOPLIST_FILE = instagramTests/Info.plist;
				LD_RUNPATH_SEARCH_PATHS = "$(inherited) @executable_path/Frameworks @loader_path/Frameworks";
				PRODUCT_BUNDLE_IDENTIFIER = com.jessica.instagramTests;
				PRODUCT_NAME = "$(TARGET_NAME)";
				SWIFT_VERSION = 3.0;
				TEST_HOST = "$(BUILT_PRODUCTS_DIR)/instagram.app/instagram";
			};
			name = Release;
		};
		68EC55C71F01CE2900CE39BC /* Debug */ = {
			isa = XCBuildConfiguration;
			buildSettings = {
				ALWAYS_EMBED_SWIFT_STANDARD_LIBRARIES = YES;
				INFOPLIST_FILE = instagramUITests/Info.plist;
				LD_RUNPATH_SEARCH_PATHS = "$(inherited) @executable_path/Frameworks @loader_path/Frameworks";
				PRODUCT_BUNDLE_IDENTIFIER = com.jessica.instagramUITests;
				PRODUCT_NAME = "$(TARGET_NAME)";
				SWIFT_VERSION = 3.0;
				TEST_TARGET_NAME = instagram;
			};
			name = Debug;
		};
		68EC55C81F01CE2900CE39BC /* Release */ = {
			isa = XCBuildConfiguration;
			buildSettings = {
				ALWAYS_EMBED_SWIFT_STANDARD_LIBRARIES = YES;
				INFOPLIST_FILE = instagramUITests/Info.plist;
				LD_RUNPATH_SEARCH_PATHS = "$(inherited) @executable_path/Frameworks @loader_path/Frameworks";
				PRODUCT_BUNDLE_IDENTIFIER = com.jessica.instagramUITests;
				PRODUCT_NAME = "$(TARGET_NAME)";
				SWIFT_VERSION = 3.0;
				TEST_TARGET_NAME = instagram;
			};
			name = Release;
		};
/* End XCBuildConfiguration section */

/* Begin XCConfigurationList section */
		68EC55931F01CE2800CE39BC /* Build configuration list for PBXProject "instagram" */ = {
			isa = XCConfigurationList;
			buildConfigurations = (
				68EC55BE1F01CE2900CE39BC /* Debug */,
				68EC55BF1F01CE2900CE39BC /* Release */,
			);
			defaultConfigurationIsVisible = 0;
			defaultConfigurationName = Release;
		};
		68EC55C01F01CE2900CE39BC /* Build configuration list for PBXNativeTarget "instagram" */ = {
			isa = XCConfigurationList;
			buildConfigurations = (
				68EC55C11F01CE2900CE39BC /* Debug */,
				68EC55C21F01CE2900CE39BC /* Release */,
			);
			defaultConfigurationIsVisible = 0;
		};
		68EC55C31F01CE2900CE39BC /* Build configuration list for PBXNativeTarget "instagramTests" */ = {
			isa = XCConfigurationList;
			buildConfigurations = (
				68EC55C41F01CE2900CE39BC /* Debug */,
				68EC55C51F01CE2900CE39BC /* Release */,
			);
			defaultConfigurationIsVisible = 0;
		};
		68EC55C61F01CE2900CE39BC /* Build configuration list for PBXNativeTarget "instagramUITests" */ = {
			isa = XCConfigurationList;
			buildConfigurations = (
				68EC55C71F01CE2900CE39BC /* Debug */,
				68EC55C81F01CE2900CE39BC /* Release */,
			);
			defaultConfigurationIsVisible = 0;
		};
/* End XCConfigurationList section */
	};
	rootObject = 68EC55901F01CE2800CE39BC /* Project object */;
}
